{
  "name": "sneakycode-styles",
  "version": "1.0.0",
  "lockfileVersion": 1,
  "requires": true,
  "dependencies": {
    "bulma": {
      "version": "0.6.2",
      "resolved": "https://registry.npmjs.org/bulma/-/bulma-0.6.2.tgz",
      "integrity": "sha1-9LHRHVrMUaeWROsKKwsQZJ09cfU="
    },
    "bulma-slider": {
      "version": "2.0.0",
      "resolved": "https://registry.npmjs.org/bulma-slider/-/bulma-slider-2.0.0.tgz",
      "integrity": "sha512-lXKMA/U43Fi1UnMkVYdNuEu0cGLo4JSWFUcnEyzNXkdpmDFic+d8H9oiaRoLbPiuGTC5SNoHMCP24T5544gnlQ=="
    },
    "bulma-timeline": {
      "version": "3.0.0",
      "resolved": "https://registry.npmjs.org/bulma-timeline/-/bulma-timeline-3.0.0.tgz",
      "integrity": "sha512-+3HCu4ey1LxDc/0IlEegy6cL3WQ6uc4ZOEBvTcKgU5bQjoCC2DKBG1rRKoGjv3nBe1SvMLBJv7xsJ1GqiI07vA=="
    },
    "bulma-tooltip": {
      "version": "2.0.2",
      "resolved": "https://registry.npmjs.org/bulma-tooltip/-/bulma-tooltip-2.0.2.tgz",
      "integrity": "sha512-xsqWeWV7tsUn3uH04SqJeP7/CyC1RaDVIyVzr4/sIO3friIIOi7L6jc5g7qUwDxuBQl72yH/yRPuefpXoQ4hWg=="
    }
  }
}
